
Microsoft Visual Studio Solution File, Format Version 12.00
# Visual Studio Version 16
VisualStudioVersion = 16.0.28803.352
MinimumVisualStudioVersion = 10.0.40219.1
Project("{9A19103F-16F7-4668-BE54-9A1E7A4F7556}") = "Api", "Api.csproj", "{C173070A-1922-4F55-A295-0661B08C0ECB}"
EndProject
Project("{9A19103F-16F7-4668-BE54-9A1E7A4F7556}") = "DataAccessLayer", "..\DataAccessLayer\DataAccessLayer.csproj", "{94347034-6372-4755-BB96-26D456C3DE9A}"
EndProject
Project("{FAE04EC0-301F-11D3-BF4B-00C04F79EFBC}") = "Api.Test", "..\Api.Test\Api.Test.csproj", "{E5702894-7BBE-4902-B2D5-3010CDC586BC}"
EndProject
Global
	GlobalSection(SolutionConfigurationPlatforms) = preSolution
		Debug|Any CPU = Debug|Any CPU
		Release|Any CPU = Release|Any CPU
	EndGlobalSection
	GlobalSection(ProjectConfigurationPlatforms) = postSolution
		{C173070A-1922-4F55-A295-0661B08C0ECB}.Debug|Any CPU.ActiveCfg = Debug|Any CPU
		{C173070A-1922-4F55-A295-0661B08C0ECB}.Debug|Any CPU.Build.0 = Debug|Any CPU
		{C173070A-1922-4F55-A295-0661B08C0ECB}.Release|Any CPU.ActiveCfg = Release|Any CPU
		{C173070A-1922-4F55-A295-0661B08C0ECB}.Release|Any CPU.Build.0 = Release|Any CPU
		{94347034-6372-4755-BB96-26D456C3DE9A}.Debug|Any CPU.ActiveCfg = Debug|Any CPU
		{94347034-6372-4755-BB96-26D456C3DE9A}.Debug|Any CPU.Build.0 = Debug|Any CPU
		{94347034-6372-4755-BB96-26D456C3DE9A}.Release|Any CPU.ActiveCfg = Release|Any CPU
		{94347034-6372-4755-BB96-26D456C3DE9A}.Release|Any CPU.Build.0 = Release|Any CPU
		{E5702894-7BBE-4902-B2D5-3010CDC586BC}.Debug|Any CPU.ActiveCfg = Debug|Any CPU
		{E5702894-7BBE-4902-B2D5-3010CDC586BC}.Debug|Any CPU.Build.0 = Debug|Any CPU
		{E5702894-7BBE-4902-B2D5-3010CDC586BC}.Release|Any CPU.ActiveCfg = Release|Any CPU
		{E5702894-7BBE-4902-B2D5-3010CDC586BC}.Release|Any CPU.Build.0 = Release|Any CPU
	EndGlobalSection
	GlobalSection(SolutionProperties) = preSolution
		HideSolutionNode = FALSE
	EndGlobalSection
	GlobalSection(ExtensibilityGlobals) = postSolution
		SolutionGuid = {718C9BAA-CE45-43E6-9D98-CFFA842C5416}
	EndGlobalSection
EndGlobal
